
Microsoft Visual Studio Solution File, Format Version 12.00
# Visual Studio Version 16
VisualStudioVersion = 16.0.30011.22
MinimumVisualStudioVersion = 10.0.40219.1
Project("{2150E333-8FDC-42A3-9474-1A3956D46DE8}") = "Client", "Client", "{54243200-4147-472B-B875-3D6BD418DBB9}"
EndProject
Project("{FAE04EC0-301F-11D3-BF4B-00C04F79EFBC}") = "BatMes.Client", "BatMes.Client\BatMes.Client.csproj", "{0F91FC6D-4F6B-4E2F-BC49-D8FABD684586}"
EndProject
Project("{FAE04EC0-301F-11D3-BF4B-00C04F79EFBC}") = "BatMes.Client.Controls", "BatMes.Client.Controls\BatMes.Client.Controls.csproj", "{F03A783C-61C9-47F9-9DC0-DF2932C625E8}"
EndProject
Project("{FAE04EC0-301F-11D3-BF4B-00C04F79EFBC}") = "BatMes.TrayOcv", "BatMes.TrayOcv\BatMes.TrayOcv.csproj", "{0527AD75-D70A-4900-9601-37D6CCB8B3C8}"
EndProject
Project("{2150E333-8FDC-42A3-9474-1A3956D46DE8}") = "Mes", "Mes", "{BC93C217-1559-4B1B-930B-81554D8F9BC5}"
EndProject
Project("{2150E333-8FDC-42A3-9474-1A3956D46DE8}") = "Device", "Device", "{FBD44DC8-FA87-4081-8BC2-607136521811}"
EndProject
Project("{FAE04EC0-301F-11D3-BF4B-00C04F79EFBC}") = "BatMes.Device", "..\..\batmes-device\Sources\BatMes.Device\BatMes.Device.csproj", "{62C0F764-85F5-4AA3-953A-88F31CCF1298}"
EndProject
Project("{2150E333-8FDC-42A3-9474-1A3956D46DE8}") = "IBtsService", "IBtsService", "{3915C407-40FB-44D4-A47A-99DEA8DEAB1B}"
EndProject
Project("{FAE04EC0-301F-11D3-BF4B-00C04F79EFBC}") = "Neware.BTS.Service", "..\..\neware-bts\Sources\Neware.BTS.Service\Neware.BTS.Service.csproj", "{C71D1A5A-8650-4083-921B-FDFF21AC4B7A}"
EndProject
Project("{FAE04EC0-301F-11D3-BF4B-00C04F79EFBC}") = "BatMes.Client.Entity", "BatMes.Client.Entity\BatMes.Client.Entity.csproj", "{0BFD6AB9-E266-4E8C-B888-991B1FA6F9C8}"
EndProject
Project("{FAE04EC0-301F-11D3-BF4B-00C04F79EFBC}") = "BatMes.Service.SDK", "..\..\batmes\Sources\BatMes.Service.SDK\BatMes.Service.SDK.csproj", "{94FCCC77-79C9-468E-930F-68FE1F370291}"
EndProject
Project("{FAE04EC0-301F-11D3-BF4B-00C04F79EFBC}") = "BatMes.Service.Model", "..\..\batmes\Sources\BatMes.Service.Model\BatMes.Service.Model.csproj", "{5E65487F-02FC-4CE8-8FC0-0E7382C2D435}"
EndProject
Project("{FAE04EC0-301F-11D3-BF4B-00C04F79EFBC}") = "BatMes.Service.Device", "..\..\batmes\Sources\BatMes.Service.Device\BatMes.Service.Device.csproj", "{F0856B76-17F5-4741-B1E7-FA70DD171BD5}"
EndProject
Project("{FAE04EC0-301F-11D3-BF4B-00C04F79EFBC}") = "BatMes", "..\..\batmes\Sources\BatMes\BatMes.csproj", "{1112A988-9882-435B-BAD3-84474FB83C4E}"
EndProject
Project("{FAE04EC0-301F-11D3-BF4B-00C04F79EFBC}") = "FireControlApp", "FireControlApp\FireControlApp.csproj", "{B375FAFC-26A7-405C-8995-AC8C5C9DFFE0}"
EndProject
Project("{FAE04EC0-301F-11D3-BF4B-00C04F79EFBC}") = "FireBusiness", "FireBusiness\FireBusiness.csproj", "{76280415-3AD3-4299-AE6C-6B61296CBF7A}"
EndProject
Project("{FAE04EC0-301F-11D3-BF4B-00C04F79EFBC}") = "IExtend", "IExtend\IExtend.csproj", "{E129CFCF-2B96-4907-B5A8-440396C49C96}"
EndProject
Global
	GlobalSection(SolutionConfigurationPlatforms) = preSolution
		Debug|Any CPU = Debug|Any CPU
		Release|Any CPU = Release|Any CPU
	EndGlobalSection
	GlobalSection(ProjectConfigurationPlatforms) = postSolution
		{0F91FC6D-4F6B-4E2F-BC49-D8FABD684586}.Debug|Any CPU.ActiveCfg = Debug|Any CPU
		{0F91FC6D-4F6B-4E2F-BC49-D8FABD684586}.Debug|Any CPU.Build.0 = Debug|Any CPU
		{0F91FC6D-4F6B-4E2F-BC49-D8FABD684586}.Release|Any CPU.ActiveCfg = Release|Any CPU
		{0F91FC6D-4F6B-4E2F-BC49-D8FABD684586}.Release|Any CPU.Build.0 = Release|Any CPU
		{F03A783C-61C9-47F9-9DC0-DF2932C625E8}.Debug|Any CPU.ActiveCfg = Debug|Any CPU
		{F03A783C-61C9-47F9-9DC0-DF2932C625E8}.Debug|Any CPU.Build.0 = Debug|Any CPU
		{F03A783C-61C9-47F9-9DC0-DF2932C625E8}.Release|Any CPU.ActiveCfg = Release|Any CPU
		{F03A783C-61C9-47F9-9DC0-DF2932C625E8}.Release|Any CPU.Build.0 = Release|Any CPU
		{0527AD75-D70A-4900-9601-37D6CCB8B3C8}.Debug|Any CPU.ActiveCfg = Debug|Any CPU
		{0527AD75-D70A-4900-9601-37D6CCB8B3C8}.Debug|Any CPU.Build.0 = Debug|Any CPU
		{0527AD75-D70A-4900-9601-37D6CCB8B3C8}.Release|Any CPU.ActiveCfg = Release|Any CPU
		{0527AD75-D70A-4900-9601-37D6CCB8B3C8}.Release|Any CPU.Build.0 = Release|Any CPU
		{62C0F764-85F5-4AA3-953A-88F31CCF1298}.Debug|Any CPU.ActiveCfg = Debug|Any CPU
		{62C0F764-85F5-4AA3-953A-88F31CCF1298}.Debug|Any CPU.Build.0 = Debug|Any CPU
		{62C0F764-85F5-4AA3-953A-88F31CCF1298}.Release|Any CPU.ActiveCfg = Release|Any CPU
		{62C0F764-85F5-4AA3-953A-88F31CCF1298}.Release|Any CPU.Build.0 = Release|Any CPU
		{C71D1A5A-8650-4083-921B-FDFF21AC4B7A}.Debug|Any CPU.ActiveCfg = Debug|Any CPU
		{C71D1A5A-8650-4083-921B-FDFF21AC4B7A}.Debug|Any CPU.Build.0 = Debug|Any CPU
		{C71D1A5A-8650-4083-921B-FDFF21AC4B7A}.Release|Any CPU.ActiveCfg = Release|Any CPU
		{C71D1A5A-8650-4083-921B-FDFF21AC4B7A}.Release|Any CPU.Build.0 = Release|Any CPU
		{0BFD6AB9-E266-4E8C-B888-991B1FA6F9C8}.Debug|Any CPU.ActiveCfg = Debug|Any CPU
		{0BFD6AB9-E266-4E8C-B888-991B1FA6F9C8}.Debug|Any CPU.Build.0 = Debug|Any CPU
		{0BFD6AB9-E266-4E8C-B888-991B1FA6F9C8}.Release|Any CPU.ActiveCfg = Release|Any CPU
		{0BFD6AB9-E266-4E8C-B888-991B1FA6F9C8}.Release|Any CPU.Build.0 = Release|Any CPU
		{94FCCC77-79C9-468E-930F-68FE1F370291}.Debug|Any CPU.ActiveCfg = Debug|Any CPU
		{94FCCC77-79C9-468E-930F-68FE1F370291}.Debug|Any CPU.Build.0 = Debug|Any CPU
		{94FCCC77-79C9-468E-930F-68FE1F370291}.Release|Any CPU.ActiveCfg = Release|Any CPU
		{94FCCC77-79C9-468E-930F-68FE1F370291}.Release|Any CPU.Build.0 = Release|Any CPU
		{5E65487F-02FC-4CE8-8FC0-0E7382C2D435}.Debug|Any CPU.ActiveCfg = Debug|Any CPU
		{5E65487F-02FC-4CE8-8FC0-0E7382C2D435}.Debug|Any CPU.Build.0 = Debug|Any CPU
		{5E65487F-02FC-4CE8-8FC0-0E7382C2D435}.Release|Any CPU.ActiveCfg = Release|Any CPU
		{5E65487F-02FC-4CE8-8FC0-0E7382C2D435}.Release|Any CPU.Build.0 = Release|Any CPU
		{F0856B76-17F5-4741-B1E7-FA70DD171BD5}.Debug|Any CPU.ActiveCfg = Debug|Any CPU
		{F0856B76-17F5-4741-B1E7-FA70DD171BD5}.Debug|Any CPU.Build.0 = Debug|Any CPU
		{F0856B76-17F5-4741-B1E7-FA70DD171BD5}.Release|Any CPU.ActiveCfg = Release|Any CPU
		{F0856B76-17F5-4741-B1E7-FA70DD171BD5}.Release|Any CPU.Build.0 = Release|Any CPU
		{1112A988-9882-435B-BAD3-84474FB83C4E}.Debug|Any CPU.ActiveCfg = Debug|Any CPU
		{1112A988-9882-435B-BAD3-84474FB83C4E}.Debug|Any CPU.Build.0 = Debug|Any CPU
		{1112A988-9882-435B-BAD3-84474FB83C4E}.Release|Any CPU.ActiveCfg = Release|Any CPU
		{1112A988-9882-435B-BAD3-84474FB83C4E}.Release|Any CPU.Build.0 = Release|Any CPU
		{B375FAFC-26A7-405C-8995-AC8C5C9DFFE0}.Debug|Any CPU.ActiveCfg = Debug|Any CPU
		{B375FAFC-26A7-405C-8995-AC8C5C9DFFE0}.Debug|Any CPU.Build.0 = Debug|Any CPU
		{B375FAFC-26A7-405C-8995-AC8C5C9DFFE0}.Release|Any CPU.ActiveCfg = Release|Any CPU
		{B375FAFC-26A7-405C-8995-AC8C5C9DFFE0}.Release|Any CPU.Build.0 = Release|Any CPU
		{76280415-3AD3-4299-AE6C-6B61296CBF7A}.Debug|Any CPU.ActiveCfg = Debug|Any CPU
		{76280415-3AD3-4299-AE6C-6B61296CBF7A}.Debug|Any CPU.Build.0 = Debug|Any CPU
		{76280415-3AD3-4299-AE6C-6B61296CBF7A}.Release|Any CPU.ActiveCfg = Release|Any CPU
		{76280415-3AD3-4299-AE6C-6B61296CBF7A}.Release|Any CPU.Build.0 = Release|Any CPU
		{E129CFCF-2B96-4907-B5A8-440396C49C96}.Debug|Any CPU.ActiveCfg = Debug|Any CPU
		{E129CFCF-2B96-4907-B5A8-440396C49C96}.Debug|Any CPU.Build.0 = Debug|Any CPU
		{E129CFCF-2B96-4907-B5A8-440396C49C96}.Release|Any CPU.ActiveCfg = Release|Any CPU
		{E129CFCF-2B96-4907-B5A8-440396C49C96}.Release|Any CPU.Build.0 = Release|Any CPU
	EndGlobalSection
	GlobalSection(SolutionProperties) = preSolution
		HideSolutionNode = FALSE
	EndGlobalSection
	GlobalSection(NestedProjects) = preSolution
		{0F91FC6D-4F6B-4E2F-BC49-D8FABD684586} = {54243200-4147-472B-B875-3D6BD418DBB9}
		{F03A783C-61C9-47F9-9DC0-DF2932C625E8} = {54243200-4147-472B-B875-3D6BD418DBB9}
		{0527AD75-D70A-4900-9601-37D6CCB8B3C8} = {54243200-4147-472B-B875-3D6BD418DBB9}
		{62C0F764-85F5-4AA3-953A-88F31CCF1298} = {FBD44DC8-FA87-4081-8BC2-607136521811}
		{C71D1A5A-8650-4083-921B-FDFF21AC4B7A} = {3915C407-40FB-44D4-A47A-99DEA8DEAB1B}
		{0BFD6AB9-E266-4E8C-B888-991B1FA6F9C8} = {54243200-4147-472B-B875-3D6BD418DBB9}
		{94FCCC77-79C9-468E-930F-68FE1F370291} = {BC93C217-1559-4B1B-930B-81554D8F9BC5}
		{5E65487F-02FC-4CE8-8FC0-0E7382C2D435} = {BC93C217-1559-4B1B-930B-81554D8F9BC5}
		{F0856B76-17F5-4741-B1E7-FA70DD171BD5} = {BC93C217-1559-4B1B-930B-81554D8F9BC5}
		{1112A988-9882-435B-BAD3-84474FB83C4E} = {BC93C217-1559-4B1B-930B-81554D8F9BC5}
	EndGlobalSection
	GlobalSection(ExtensibilityGlobals) = postSolution
		SolutionGuid = {EB95A94E-5B02-4FA8-98FC-C3ACE1F220CE}
	EndGlobalSection
EndGlobal
